
Microsoft Visual Studio Solution File, Format Version 12.00
# Visual Studio 14
VisualStudioVersion = 14.0.25420.1
MinimumVisualStudioVersion = 10.0.40219.1
Project("{FAE04EC0-301F-11D3-BF4B-00C04F79EFBC}") = "DupeHandling.View", "GrillinPirate.DupeHandling\DupeHandling.View.csproj", "{D199115D-9D64-4B54-A866-37792EDF80EC}"
EndProject
Project("{FAE04EC0-301F-11D3-BF4B-00C04F79EFBC}") = "DupeHandling.ViewModel", "DupeHandling.ViewModel\DupeHandling.ViewModel.csproj", "{BF30A0F2-E28A-4058-ABD2-77F7B6F1C02D}"
EndProject
Global
	GlobalSection(SolutionConfigurationPlatforms) = preSolution
		Debug|Any CPU = Debug|Any CPU
		Release|Any CPU = Release|Any CPU
	EndGlobalSection
	GlobalSection(ProjectConfigurationPlatforms) = postSolution
		{D199115D-9D64-4B54-A866-37792EDF80EC}.Debug|Any CPU.ActiveCfg = Debug|Any CPU
		{D199115D-9D64-4B54-A866-37792EDF80EC}.Debug|Any CPU.Build.0 = Debug|Any CPU
		{D199115D-9D64-4B54-A866-37792EDF80EC}.Release|Any CPU.ActiveCfg = Release|Any CPU
		{D199115D-9D64-4B54-A866-37792EDF80EC}.Release|Any CPU.Build.0 = Release|Any CPU
		{BF30A0F2-E28A-4058-ABD2-77F7B6F1C02D}.Debug|Any CPU.ActiveCfg = Debug|Any CPU
		{BF30A0F2-E28A-4058-ABD2-77F7B6F1C02D}.Debug|Any CPU.Build.0 = Debug|Any CPU
		{BF30A0F2-E28A-4058-ABD2-77F7B6F1C02D}.Release|Any CPU.ActiveCfg = Release|Any CPU
		{BF30A0F2-E28A-4058-ABD2-77F7B6F1C02D}.Release|Any CPU.Build.0 = Release|Any CPU
	EndGlobalSection
	GlobalSection(SolutionProperties) = preSolution
		HideSolutionNode = FALSE
	EndGlobalSection
EndGlobal
